
Microsoft Visual Studio Solution File, Format Version 12.00
# Visual Studio Version 16
VisualStudioVersion = 16.0.32106.194
MinimumVisualStudioVersion = 10.0.40219.1
Project("{8BC9CEB8-8B4A-11D0-8D11-00A0C91BC942}") = "CodeUp_1286 최댓값, 최솟값", "CodeUp_1286 최댓값, 최솟값\CodeUp_1286 최댓값, 최솟값.vcxproj", "{D8902BA6-5775-4CF4-B12E-205AC81BE42F}"
EndProject
Global
	GlobalSection(SolutionConfigurationPlatforms) = preSolution
		Debug|x64 = Debug|x64
		Debug|x86 = Debug|x86
		Release|x64 = Release|x64
		Release|x86 = Release|x86
	EndGlobalSection
	GlobalSection(ProjectConfigurationPlatforms) = postSolution
		{D8902BA6-5775-4CF4-B12E-205AC81BE42F}.Debug|x64.ActiveCfg = Debug|x64
		{D8902BA6-5775-4CF4-B12E-205AC81BE42F}.Debug|x64.Build.0 = Debug|x64
		{D8902BA6-5775-4CF4-B12E-205AC81BE42F}.Debug|x86.ActiveCfg = Debug|Win32
		{D8902BA6-5775-4CF4-B12E-205AC81BE42F}.Debug|x86.Build.0 = Debug|Win32
		{D8902BA6-5775-4CF4-B12E-205AC81BE42F}.Release|x64.ActiveCfg = Release|x64
		{D8902BA6-5775-4CF4-B12E-205AC81BE42F}.Release|x64.Build.0 = Release|x64
		{D8902BA6-5775-4CF4-B12E-205AC81BE42F}.Release|x86.ActiveCfg = Release|Win32
		{D8902BA6-5775-4CF4-B12E-205AC81BE42F}.Release|x86.Build.0 = Release|Win32
	EndGlobalSection
	GlobalSection(SolutionProperties) = preSolution
		HideSolutionNode = FALSE
	EndGlobalSection
	GlobalSection(ExtensibilityGlobals) = postSolution
		SolutionGuid = {3AAF950D-D97C-4CC2-9918-0949B699BD51}
	EndGlobalSection
EndGlobal
